
Microsoft Visual Studio Solution File, Format Version 12.00
# Visual Studio Version 16
VisualStudioVersion = 16.0.33927.289
MinimumVisualStudioVersion = 10.0.40219.1
Project("{FAE04EC0-301F-11D3-BF4B-00C04F79EFBC}") = "kahvedükkanı", "kahvedükkanı\kahvedükkanı.csproj", "{CEDD47FC-0C8C-43D2-895E-4AD31A51B9E9}"
EndProject
Global
	GlobalSection(SolutionConfigurationPlatforms) = preSolution
		Debug|Any CPU = Debug|Any CPU
		Release|Any CPU = Release|Any CPU
	EndGlobalSection
	GlobalSection(ProjectConfigurationPlatforms) = postSolution
		{CEDD47FC-0C8C-43D2-895E-4AD31A51B9E9}.Debug|Any CPU.ActiveCfg = Debug|Any CPU
		{CEDD47FC-0C8C-43D2-895E-4AD31A51B9E9}.Debug|Any CPU.Build.0 = Debug|Any CPU
		{CEDD47FC-0C8C-43D2-895E-4AD31A51B9E9}.Release|Any CPU.ActiveCfg = Release|Any CPU
		{CEDD47FC-0C8C-43D2-895E-4AD31A51B9E9}.Release|Any CPU.Build.0 = Release|Any CPU
	EndGlobalSection
	GlobalSection(SolutionProperties) = preSolution
		HideSolutionNode = FALSE
	EndGlobalSection
	GlobalSection(ExtensibilityGlobals) = postSolution
		SolutionGuid = {1D10C3FD-5C02-4406-B913-D30B01BD59D1}
	EndGlobalSection
EndGlobal
